
Microsoft Visual Studio Solution File, Format Version 12.00
# Visual Studio 15
VisualStudioVersion = 15.0.26430.13
MinimumVisualStudioVersion = 10.0.40219.1
Project("{FAE04EC0-301F-11D3-BF4B-00C04F79EFBC}") = "Eltele_oppgave1", "Eltele_oppgave1\Eltele_oppgave1.csproj", "{C8D77E76-02B4-418D-A580-2D450F0FBE8A}"
EndProject
Global
	GlobalSection(SolutionConfigurationPlatforms) = preSolution
		Debug|Any CPU = Debug|Any CPU
		Release|Any CPU = Release|Any CPU
	EndGlobalSection
	GlobalSection(ProjectConfigurationPlatforms) = postSolution
		{C8D77E76-02B4-418D-A580-2D450F0FBE8A}.Debug|Any CPU.ActiveCfg = Debug|Any CPU
		{C8D77E76-02B4-418D-A580-2D450F0FBE8A}.Debug|Any CPU.Build.0 = Debug|Any CPU
		{C8D77E76-02B4-418D-A580-2D450F0FBE8A}.Release|Any CPU.ActiveCfg = Release|Any CPU
		{C8D77E76-02B4-418D-A580-2D450F0FBE8A}.Release|Any CPU.Build.0 = Release|Any CPU
	EndGlobalSection
	GlobalSection(SolutionProperties) = preSolution
		HideSolutionNode = FALSE
	EndGlobalSection
EndGlobal
